// !$*UTF8*$!
{
	archiveVersion = 1;
	classes = {
	};
	objectVersion = 50;
	objects = {

/* Begin PBXBuildFile section */
		92532D69253D3DD400ECADE3 /* AppDelegate.swift in Sources */ = {isa = PBXBuildFile; fileRef = 92532D68253D3DD400ECADE3 /* AppDelegate.swift */; };
		92532D6B253D3DD400ECADE3 /* SceneDelegate.swift in Sources */ = {isa = PBXBuildFile; fileRef = 92532D6A253D3DD400ECADE3 /* SceneDelegate.swift */; };
		92532D6D253D3DD400ECADE3 /* ContentView.swift in Sources */ = {isa = PBXBuildFile; fileRef = 92532D6C253D3DD400ECADE3 /* ContentView.swift */; };
		92532D6F253D3DD600ECADE3 /* Assets.xcassets in Resources */ = {isa = PBXBuildFile; fileRef = 92532D6E253D3DD600ECADE3 /* Assets.xcassets */; };
		92532D72253D3DD600ECADE3 /* Preview Assets.xcassets in Resources */ = {isa = PBXBuildFile; fileRef = 92532D71253D3DD600ECADE3 /* Preview Assets.xcassets */; };
		92532D75253D3DD600ECADE3 /* LaunchScreen.storyboard in Resources */ = {isa = PBXBuildFile; fileRef = 92532D73253D3DD600ECADE3 /* LaunchScreen.storyboard */; };
		92532D80253D3DD600ECADE3 /* HealthKitDataCollectionTests.swift in Sources */ = {isa = PBXBuildFile; fileRef = 92532D7F253D3DD600ECADE3 /* HealthKitDataCollectionTests.swift */; };
		92532D8B253D3DD600ECADE3 /* HealthKitDataCollectionUITests.swift in Sources */ = {isa = PBXBuildFile; fileRef = 92532D8A253D3DD600ECADE3 /* HealthKitDataCollectionUITests.swift */; };
/* End PBXBuildFile section */

/* Begin PBXContainerItemProxy section */
		92532D7C253D3DD600ECADE3 /* PBXContainerItemProxy */ = {
			isa = PBXContainerItemProxy;
			containerPortal = 92532D5D253D3DD400ECADE3 /* Project object */;
			proxyType = 1;
			remoteGlobalIDString = 92532D64253D3DD400ECADE3;
			remoteInfo = HealthKitDataCollection;
		};
		92532D87253D3DD600ECADE3 /* PBXContainerItemProxy */ = {
			isa = PBXContainerItemProxy;
			containerPortal = 92532D5D253D3DD400ECADE3 /* Project object */;
			proxyType = 1;
			remoteGlobalIDString = 92532D64253D3DD400ECADE3;
			remoteInfo = HealthKitDataCollection;
		};
/* End PBXContainerItemProxy section */

/* Begin PBXFileReference section */
		92532D65253D3DD400ECADE3 /* HealthKitDataCollection.app */ = {isa = PBXFileReference; explicitFileType = wrapper.application; includeInIndex = 0; path = HealthKitDataCollection.app; sourceTree = BUILT_PRODUCTS_DIR; };
		92532D68253D3DD400ECADE3 /* AppDelegate.swift */ = {isa = PBXFileReference; lastKnownFileType = sourcecode.swift; path = AppDelegate.swift; sourceTree = "<group>"; };
		92532D6A253D3DD400ECADE3 /* SceneDelegate.swift */ = {isa = PBXFileReference; lastKnownFileType = sourcecode.swift; path = SceneDelegate.swift; sourceTree = "<group>"; };
		92532D6C253D3DD400ECADE3 /* ContentView.swift */ = {isa = PBXFileReference; lastKnownFileType = sourcecode.swift; path = ContentView.swift; sourceTree = "<group>"; };
		92532D6E253D3DD600ECADE3 /* Assets.xcassets */ = {isa = PBXFileReference; lastKnownFileType = folder.assetcatalog; path = Assets.xcassets; sourceTree = "<group>"; };
		92532D71253D3DD600ECADE3 /* Preview Assets.xcassets */ = {isa = PBXFileReference; lastKnownFileType = folder.assetcatalog; path = "Preview Assets.xcassets"; sourceTree = "<group>"; };
		92532D74253D3DD600ECADE3 /* Base */ = {isa = PBXFileReference; lastKnownFileType = file.storyboard; name = Base; path = Base.lproj/LaunchScreen.storyboard; sourceTree = "<group>"; };
		92532D76253D3DD600ECADE3 /* Info.plist */ = {isa = PBXFileReference; lastKnownFileType = text.plist.xml; path = Info.plist; sourceTree = "<group>"; };
		92532D7B253D3DD600ECADE3 /* HealthKitDataCollectionTests.xctest */ = {isa = PBXFileReference; explicitFileType = wrapper.cfbundle; includeInIndex = 0; path = HealthKitDataCollectionTests.xctest; sourceTree = BUILT_PRODUCTS_DIR; };
		92532D7F253D3DD600ECADE3 /* HealthKitDataCollectionTests.swift */ = {isa = PBXFileReference; lastKnownFileType = sourcecode.swift; path = HealthKitDataCollectionTests.swift; sourceTree = "<group>"; };
		92532D81253D3DD600ECADE3 /* Info.plist */ = {isa = PBXFileReference; lastKnownFileType = text.plist.xml; path = Info.plist; sourceTree = "<group>"; };
		92532D86253D3DD600ECADE3 /* HealthKitDataCollectionUITests.xctest */ = {isa = PBXFileReference; explicitFileType = wrapper.cfbundle; includeInIndex = 0; path = HealthKitDataCollectionUITests.xctest; sourceTree = BUILT_PRODUCTS_DIR; };
		92532D8A253D3DD600ECADE3 /* HealthKitDataCollectionUITests.swift */ = {isa = PBXFileReference; lastKnownFileType = sourcecode.swift; path = HealthKitDataCollectionUITests.swift; sourceTree = "<group>"; };
		92532D8C253D3DD600ECADE3 /* Info.plist */ = {isa = PBXFileReference; lastKnownFileType = text.plist.xml; path = Info.plist; sourceTree = "<group>"; };
/* End PBXFileReference section */

/* Begin PBXFrameworksBuildPhase section */
		92532D62253D3DD400ECADE3 /* Frameworks */ = {
			isa = PBXFrameworksBuildPhase;
			buildActionMask = 2147483647;
			files = (
			);
			runOnlyForDeploymentPostprocessing = 0;
		};
		92532D78253D3DD600ECADE3 /* Frameworks */ = {
			isa = PBXFrameworksBuildPhase;
			buildActionMask = 2147483647;
			files = (
			);
			runOnlyForDeploymentPostprocessing = 0;
		};
		92532D83253D3DD600ECADE3 /* Frameworks */ = {
			isa = PBXFrameworksBuildPhase;
			buildActionMask = 2147483647;
			files = (
			);
			runOnlyForDeploymentPostprocessing = 0;
		};
/* End PBXFrameworksBuildPhase section */

/* Begin PBXGroup section */
		92532D5C253D3DD400ECADE3 = {
			isa = PBXGroup;
			children = (
				92532D67253D3DD400ECADE3 /* HealthKitDataCollection */,
				92532D7E253D3DD600ECADE3 /* HealthKitDataCollectionTests */,
				92532D89253D3DD600ECADE3 /* HealthKitDataCollectionUITests */,
				92532D66253D3DD400ECADE3 /* Products */,
			);
			sourceTree = "<group>";
		};
		92532D66253D3DD400ECADE3 /* Products */ = {
			isa = PBXGroup;
			children = (
				92532D65253D3DD400ECADE3 /* HealthKitDataCollection.app */,
				92532D7B253D3DD600ECADE3 /* HealthKitDataCollectionTests.xctest */,
				92532D86253D3DD600ECADE3 /* HealthKitDataCollectionUITests.xctest */,
			);
			name = Products;
			sourceTree = "<group>";
		};
		92532D67253D3DD400ECADE3 /* HealthKitDataCollection */ = {
			isa = PBXGroup;
			children = (
				92532D68253D3DD400ECADE3 /* AppDelegate.swift */,
				92532D6A253D3DD400ECADE3 /* SceneDelegate.swift */,
				92532D6C253D3DD400ECADE3 /* ContentView.swift */,
				92532D6E253D3DD600ECADE3 /* Assets.xcassets */,
				92532D73253D3DD600ECADE3 /* LaunchScreen.storyboard */,
				92532D76253D3DD600ECADE3 /* Info.plist */,
				92532D70253D3DD600ECADE3 /* Preview Content */,
			);
			path = HealthKitDataCollection;
			sourceTree = "<group>";
		};
		92532D70253D3DD600ECADE3 /* Preview Content */ = {
			isa = PBXGroup;
			children = (
				92532D71253D3DD600ECADE3 /* Preview Assets.xcassets */,
			);
			path = "Preview Content";
			sourceTree = "<group>";
		};
		92532D7E253D3DD600ECADE3 /* HealthKitDataCollectionTests */ = {
			isa = PBXGroup;
			children = (
				92532D7F253D3DD600ECADE3 /* HealthKitDataCollectionTests.swift */,
				92532D81253D3DD600ECADE3 /* Info.plist */,
			);
			path = HealthKitDataCollectionTests;
			sourceTree = "<group>";
		};
		92532D89253D3DD600ECADE3 /* HealthKitDataCollectionUITests */ = {
			isa = PBXGroup;
			children = (
				92532D8A253D3DD600ECADE3 /* HealthKitDataCollectionUITests.swift */,
				92532D8C253D3DD600ECADE3 /* Info.plist */,
			);
			path = HealthKitDataCollectionUITests;
			sourceTree = "<group>";
		};
/* End PBXGroup section */

/* Begin PBXNativeTarget section */
		92532D64253D3DD400ECADE3 /* HealthKitDataCollection */ = {
			isa = PBXNativeTarget;
			buildConfigurationList = 92532D8F253D3DD600ECADE3 /* Build configuration list for PBXNativeTarget "HealthKitDataCollection" */;
			buildPhases = (
				92532D61253D3DD400ECADE3 /* Sources */,
				92532D62253D3DD400ECADE3 /* Frameworks */,
				92532D63253D3DD400ECADE3 /* Resources */,
			);
			buildRules = (
			);
			dependencies = (
			);
			name = HealthKitDataCollection;
			productName = HealthKitDataCollection;
			productReference = 92532D65253D3DD400ECADE3 /* HealthKitDataCollection.app */;
			productType = "com.apple.product-type.application";
		};
		92532D7A253D3DD600ECADE3 /* HealthKitDataCollectionTests */ = {
			isa = PBXNativeTarget;
			buildConfigurationList = 92532D92253D3DD600ECADE3 /* Build configuration list for PBXNativeTarget "HealthKitDataCollectionTests" */;
			buildPhases = (
				92532D77253D3DD600ECADE3 /* Sources */,
				92532D78253D3DD600ECADE3 /* Frameworks */,
				92532D79253D3DD600ECADE3 /* Resources */,
			);
			buildRules = (
			);
			dependencies = (
				92532D7D253D3DD600ECADE3 /* PBXTargetDependency */,
			);
			name = HealthKitDataCollectionTests;
			productName = HealthKitDataCollectionTests;
			productReference = 92532D7B253D3DD600ECADE3 /* HealthKitDataCollectionTests.xctest */;
			productType = "com.apple.product-type.bundle.unit-test";
		};
		92532D85253D3DD600ECADE3 /* HealthKitDataCollectionUITests */ = {
			isa = PBXNativeTarget;
			buildConfigurationList = 92532D95253D3DD600ECADE3 /* Build configuration list for PBXNativeTarget "HealthKitDataCollectionUITests" */;
			buildPhases = (
				92532D82253D3DD600ECADE3 /* Sources */,
				92532D83253D3DD600ECADE3 /* Frameworks */,
				92532D84253D3DD600ECADE3 /* Resources */,
			);
			buildRules = (
			);
			dependencies = (
				92532D88253D3DD600ECADE3 /* PBXTargetDependency */,
			);
			name = HealthKitDataCollectionUITests;
			productName = HealthKitDataCollectionUITests;
			productReference = 92532D86253D3DD600ECADE3 /* HealthKitDataCollectionUITests.xctest */;
			productType = "com.apple.product-type.bundle.ui-testing";
		};
/* End PBXNativeTarget section */

/* Begin PBXProject section */
		92532D5D253D3DD400ECADE3 /* Project object */ = {
			isa = PBXProject;
			attributes = {
				LastSwiftUpdateCheck = 1200;
				LastUpgradeCheck = 1200;
				TargetAttributes = {
					92532D64253D3DD400ECADE3 = {
						CreatedOnToolsVersion = 12.0.1;
					};
					92532D7A253D3DD600ECADE3 = {
						CreatedOnToolsVersion = 12.0.1;
						TestTargetID = 92532D64253D3DD400ECADE3;
					};
					92532D85253D3DD600ECADE3 = {
						CreatedOnToolsVersion = 12.0.1;
						TestTargetID = 92532D64253D3DD400ECADE3;
					};
				};
			};
			buildConfigurationList = 92532D60253D3DD400ECADE3 /* Build configuration list for PBXProject "HealthKitDataCollection" */;
			compatibilityVersion = "Xcode 9.3";
			developmentRegion = en;
			hasScannedForEncodings = 0;
			knownRegions = (
				en,
				Base,
			);
			mainGroup = 92532D5C253D3DD400ECADE3;
			productRefGroup = 92532D66253D3DD400ECADE3 /* Products */;
			projectDirPath = "";
			projectRoot = "";
			targets = (
				92532D64253D3DD400ECADE3 /* HealthKitDataCollection */,
				92532D7A253D3DD600ECADE3 /* HealthKitDataCollectionTests */,
				92532D85253D3DD600ECADE3 /* HealthKitDataCollectionUITests */,
			);
		};
/* End PBXProject section */

/* Begin PBXResourcesBuildPhase section */
		92532D63253D3DD400ECADE3 /* Resources */ = {
			isa = PBXResourcesBuildPhase;
			buildActionMask = 2147483647;
			files = (
				92532D75253D3DD600ECADE3 /* LaunchScreen.storyboard in Resources */,
				92532D72253D3DD600ECADE3 /* Preview Assets.xcassets in Resources */,
				92532D6F253D3DD600ECADE3 /* Assets.xcassets in Resources */,
			);
			runOnlyForDeploymentPostprocessing = 0;
		};
		92532D79253D3DD600ECADE3 /* Resources */ = {
			isa = PBXResourcesBuildPhase;
			buildActionMask = 2147483647;
			files = (
			);
			runOnlyForDeploymentPostprocessing = 0;
		};
		92532D84253D3DD600ECADE3 /* Resources */ = {
			isa = PBXResourcesBuildPhase;
			buildActionMask = 2147483647;
			files = (
			);
			runOnlyForDeploymentPostprocessing = 0;
		};
/* End PBXResourcesBuildPhase section */

/* Begin PBXSourcesBuildPhase section */
		92532D61253D3DD400ECADE3 /* Sources */ = {
			isa = PBXSourcesBuildPhase;
			buildActionMask = 2147483647;
			files = (
				92532D69253D3DD400ECADE3 /* AppDelegate.swift in Sources */,
				92532D6B253D3DD400ECADE3 /* SceneDelegate.swift in Sources */,
				92532D6D253D3DD400ECADE3 /* ContentView.swift in Sources */,
			);
			runOnlyForDeploymentPostprocessing = 0;
		};
		92532D77253D3DD600ECADE3 /* Sources */ = {
			isa = PBXSourcesBuildPhase;
			buildActionMask = 2147483647;
			files = (
				92532D80253D3DD600ECADE3 /* HealthKitDataCollectionTests.swift in Sources */,
			);
			runOnlyForDeploymentPostprocessing = 0;
		};
		92532D82253D3DD600ECADE3 /* Sources */ = {
			isa = PBXSourcesBuildPhase;
			buildActionMask = 2147483647;
			files = (
				92532D8B253D3DD600ECADE3 /* HealthKitDataCollectionUITests.swift in Sources */,
			);
			runOnlyForDeploymentPostprocessing = 0;
		};
/* End PBXSourcesBuildPhase section */

/* Begin PBXTargetDependency section */
		92532D7D253D3DD600ECADE3 /* PBXTargetDependency */ = {
			isa = PBXTargetDependency;
			target = 92532D64253D3DD400ECADE3 /* HealthKitDataCollection */;
			targetProxy = 92532D7C253D3DD600ECADE3 /* PBXContainerItemProxy */;
		};
		92532D88253D3DD600ECADE3 /* PBXTargetDependency */ = {
			isa = PBXTargetDependency;
			target = 92532D64253D3DD400ECADE3 /* HealthKitDataCollection */;
			targetProxy = 92532D87253D3DD600ECADE3 /* PBXContainerItemProxy */;
		};
/* End PBXTargetDependency section */

/* Begin PBXVariantGroup section */
		92532D73253D3DD600ECADE3 /* LaunchScreen.storyboard */ = {
			isa = PBXVariantGroup;
			children = (
				92532D74253D3DD600ECADE3 /* Base */,
			);
			name = LaunchScreen.storyboard;
			sourceTree = "<group>";
		};
/* End PBXVariantGroup section */

/* Begin XCBuildConfiguration section */
		92532D8D253D3DD600ECADE3 /* Debug */ = {
			isa = XCBuildConfiguration;
			buildSettings = {
				ALWAYS_SEARCH_USER_PATHS = NO;
				CLANG_ANALYZER_NONNULL = YES;
				CLANG_ANALYZER_NUMBER_OBJECT_CONVERSION = YES_AGGRESSIVE;
				CLANG_CXX_LANGUAGE_STANDARD = "gnu++14";
				CLANG_CXX_LIBRARY = "libc++";
				CLANG_ENABLE_MODULES = YES;
				CLANG_ENABLE_OBJC_ARC = YES;
				CLANG_ENABLE_OBJC_WEAK = YES;
				CLANG_WARN_BLOCK_CAPTURE_AUTORELEASING = YES;
				CLANG_WARN_BOOL_CONVERSION = YES;
				CLANG_WARN_COMMA = YES;
				CLANG_WARN_CONSTANT_CONVERSION = YES;
				CLANG_WARN_DEPRECATED_OBJC_IMPLEMENTATIONS = YES;
				CLANG_WARN_DIRECT_OBJC_ISA_USAGE = YES_ERROR;
				CLANG_WARN_DOCUMENTATION_COMMENTS = YES;
				CLANG_WARN_EMPTY_BODY = YES;
				CLANG_WARN_ENUM_CONVERSION = YES;
				CLANG_WARN_INFINITE_RECURSION = YES;
				CLANG_WARN_INT_CONVERSION = YES;
				CLANG_WARN_NON_LITERAL_NULL_CONVERSION = YES;
				CLANG_WARN_OBJC_IMPLICIT_RETAIN_SELF = YES;
				CLANG_WARN_OBJC_LITERAL_CONVERSION = YES;
				CLANG_WARN_OBJC_ROOT_CLASS = YES_ERROR;
				CLANG_WARN_QUOTED_INCLUDE_IN_FRAMEWORK_HEADER = YES;
				CLANG_WARN_RANGE_LOOP_ANALYSIS = YES;
				CLANG_WARN_STRICT_PROTOTYPES = YES;
				CLANG_WARN_SUSPICIOUS_MOVE = YES;
				CLANG_WARN_UNGUARDED_AVAILABILITY = YES_AGGRESSIVE;
				CLANG_WARN_UNREACHABLE_CODE = YES;
				CLANG_WARN__DUPLICATE_METHOD_MATCH = YES;
				COPY_PHASE_STRIP = NO;
				DEBUG_INFORMATION_FORMAT = dwarf;
				ENABLE_STRICT_OBJC_MSGSEND = YES;
				ENABLE_TESTABILITY = YES;
				GCC_C_LANGUAGE_STANDARD = gnu11;
				GCC_DYNAMIC_NO_PIC = NO;
				GCC_NO_COMMON_BLOCKS = YES;
				GCC_OPTIMIZATION_LEVEL = 0;
				GCC_PREPROCESSOR_DEFINITIONS = (
					"DEBUG=1",
					"$(inherited)",
				);
				GCC_WARN_64_TO_32_BIT_CONVERSION = YES;
				GCC_WARN_ABOUT_RETURN_TYPE = YES_ERROR;
				GCC_WARN_UNDECLARED_SELECTOR = YES;
				GCC_WARN_UNINITIALIZED_AUTOS = YES_AGGRESSIVE;
				GCC_WARN_UNUSED_FUNCTION = YES;
				GCC_WARN_UNUSED_VARIABLE = YES;
				IPHONEOS_DEPLOYMENT_TARGET = 14.0;
				MTL_ENABLE_DEBUG_INFO = INCLUDE_SOURCE;
				MTL_FAST_MATH = YES;
				ONLY_ACTIVE_ARCH = YES;
				SDKROOT = iphoneos;
				SWIFT_ACTIVE_COMPILATION_CONDITIONS = DEBUG;
				SWIFT_OPTIMIZATION_LEVEL = "-Onone";
			};
			name = Debug;
		};
		92532D8E253D3DD600ECADE3 /* Release */ = {
			isa = XCBuildConfiguration;
			buildSettings = {
				ALWAYS_SEARCH_USER_PATHS = NO;
				CLANG_ANALYZER_NONNULL = YES;
				CLANG_ANALYZER_NUMBER_OBJECT_CONVERSION = YES_AGGRESSIVE;
				CLANG_CXX_LANGUAGE_STANDARD = "gnu++14";
				CLANG_CXX_LIBRARY = "libc++";
				CLANG_ENABLE_MODULES = YES;
				CLANG_ENABLE_OBJC_ARC = YES;
				CLANG_ENABLE_OBJC_WEAK = YES;
				CLANG_WARN_BLOCK_CAPTURE_AUTORELEASING = YES;
				CLANG_WARN_BOOL_CONVERSION = YES;
				CLANG_WARN_COMMA = YES;
				CLANG_WARN_CONSTANT_CONVERSION = YES;
				CLANG_WARN_DEPRECATED_OBJC_IMPLEMENTATIONS = YES;
				CLANG_WARN_DIRECT_OBJC_ISA_USAGE = YES_ERROR;
				CLANG_WARN_DOCUMENTATION_COMMENTS = YES;
				CLANG_WARN_EMPTY_BODY = YES;
				CLANG_WARN_ENUM_CONVERSION = YES;
				CLANG_WARN_INFINITE_RECURSION = YES;
				CLANG_WARN_INT_CONVERSION = YES;
				CLANG_WARN_NON_LITERAL_NULL_CONVERSION = YES;
				CLANG_WARN_OBJC_IMPLICIT_RETAIN_SELF = YES;
				CLANG_WARN_OBJC_LITERAL_CONVERSION = YES;
				CLANG_WARN_OBJC_ROOT_CLASS = YES_ERROR;
				CLANG_WARN_QUOTED_INCLUDE_IN_FRAMEWORK_HEADER = YES;
				CLANG_WARN_RANGE_LOOP_ANALYSIS = YES;
				CLANG_WARN_STRICT_PROTOTYPES = YES;
				CLANG_WARN_SUSPICIOUS_MOVE = YES;
				CLANG_WARN_UNGUARDED_AVAILABILITY = YES_AGGRESSIVE;
				CLANG_WARN_UNREACHABLE_CODE = YES;
				CLANG_WARN__DUPLICATE_METHOD_MATCH = YES;
				COPY_PHASE_STRIP = NO;
				DEBUG_INFORMATION_FORMAT = "dwarf-with-dsym";
				ENABLE_NS_ASSERTIONS = NO;
				ENABLE_STRICT_OBJC_MSGSEND = YES;
				GCC_C_LANGUAGE_STANDARD = gnu11;
				GCC_NO_COMMON_BLOCKS = YES;
				GCC_WARN_64_TO_32_BIT_CONVERSION = YES;
				GCC_WARN_ABOUT_RETURN_TYPE = YES_ERROR;
				GCC_WARN_UNDECLARED_SELECTOR = YES;
				GCC_WARN_UNINITIALIZED_AUTOS = YES_AGGRESSIVE;
				GCC_WARN_UNUSED_FUNCTION = YES;
				GCC_WARN_UNUSED_VARIABLE = YES;
				IPHONEOS_DEPLOYMENT_TARGET = 14.0;
				MTL_ENABLE_DEBUG_INFO = NO;
				MTL_FAST_MATH = YES;
				SDKROOT = iphoneos;
				SWIFT_COMPILATION_MODE = wholemodule;
				SWIFT_OPTIMIZATION_LEVEL = "-O";
				VALIDATE_PRODUCT = YES;
			};
			name = Release;
		};
		92532D90253D3DD600ECADE3 /* Debug */ = {
			isa = XCBuildConfiguration;
			buildSettings = {
				ASSETCATALOG_COMPILER_APPICON_NAME = AppIcon;
				ASSETCATALOG_COMPILER_GLOBAL_ACCENT_COLOR_NAME = AccentColor;
				CODE_SIGN_STYLE = Automatic;
				DEVELOPMENT_ASSET_PATHS = "\"HealthKitDataCollection/Preview Content\"";
				DEVELOPMENT_TEAM = 4L3H8AS5LU;
				ENABLE_PREVIEWS = YES;
				INFOPLIST_FILE = HealthKitDataCollection/Info.plist;
				LD_RUNPATH_SEARCH_PATHS = (
					"$(inherited)",
					"@executable_path/Frameworks",
				);
				PRODUCT_BUNDLE_IDENTIFIER = com.kamimura.HealthKitDataCollection;
				PRODUCT_NAME = "$(TARGET_NAME)";
				SWIFT_VERSION = 5.0;
				TARGETED_DEVICE_FAMILY = "1,2";
			};
			name = Debug;
		};
		92532D91253D3DD600ECADE3 /* Release */ = {
			isa = XCBuildConfiguration;
			buildSettings = {
				ASSETCATALOG_COMPILER_APPICON_NAME = AppIcon;
				ASSETCATALOG_COMPILER_GLOBAL_ACCENT_COLOR_NAME = AccentColor;
				CODE_SIGN_STYLE = Automatic;
				DEVELOPMENT_ASSET_PATHS = "\"HealthKitDataCollection/Preview Content\"";
				DEVELOPMENT_TEAM = 4L3H8AS5LU;
				ENABLE_PREVIEWS = YES;
				INFOPLIST_FILE = HealthKitDataCollection/Info.plist;
				LD_RUNPATH_SEARCH_PATHS = (
					"$(inherited)",
					"@executable_path/Frameworks",
				);
				PRODUCT_BUNDLE_IDENTIFIER = com.kamimura.HealthKitDataCollection;
				PRODUCT_NAME = "$(TARGET_NAME)";
				SWIFT_VERSION = 5.0;
				TARGETED_DEVICE_FAMILY = "1,2";
			};
			name = Release;
		};
		92532D93253D3DD600ECADE3 /* Debug */ = {
			isa = XCBuildConfiguration;
			buildSettings = {
				ALWAYS_EMBED_SWIFT_STANDARD_LIBRARIES = YES;
				BUNDLE_LOADER = "$(TEST_HOST)";
				CODE_SIGN_STYLE = Automatic;
				DEVELOPMENT_TEAM = 4L3H8AS5LU;
				INFOPLIST_FILE = HealthKitDataCollectionTests/Info.plist;
				IPHONEOS_DEPLOYMENT_TARGET = 14.0;
				LD_RUNPATH_SEARCH_PATHS = (
					"$(inherited)",
					"@executable_path/Frameworks",
					"@loader_path/Frameworks",
				);
				PRODUCT_BUNDLE_IDENTIFIER = com.kamimura.HealthKitDataCollectionTests;
				PRODUCT_NAME = "$(TARGET_NAME)";
				SWIFT_VERSION = 5.0;
				TARGETED_DEVICE_FAMILY = "1,2";
				TEST_HOST = "$(BUILT_PRODUCTS_DIR)/HealthKitDataCollection.app/HealthKitDataCollection";
			};
			name = Debug;
		};
		92532D94253D3DD600ECADE3 /* Release */ = {
			isa = XCBuildConfiguration;
			buildSettings = {
				ALWAYS_EMBED_SWIFT_STANDARD_LIBRARIES = YES;
				BUNDLE_LOADER = "$(TEST_HOST)";
				CODE_SIGN_STYLE = Automatic;
				DEVELOPMENT_TEAM = 4L3H8AS5LU;
				INFOPLIST_FILE = HealthKitDataCollectionTests/Info.plist;
				IPHONEOS_DEPLOYMENT_TARGET = 14.0;
				LD_RUNPATH_SEARCH_PATHS = (
					"$(inherited)",
					"@executable_path/Frameworks",
					"@loader_path/Frameworks",
				);
				PRODUCT_BUNDLE_IDENTIFIER = com.kamimura.HealthKitDataCollectionTests;
				PRODUCT_NAME = "$(TARGET_NAME)";
				SWIFT_VERSION = 5.0;
				TARGETED_DEVICE_FAMILY = "1,2";
				TEST_HOST = "$(BUILT_PRODUCTS_DIR)/HealthKitDataCollection.app/HealthKitDataCollection";
			};
			name = Release;
		};
		92532D96253D3DD600ECADE3 /* Debug */ = {
			isa = XCBuildConfiguration;
			buildSettings = {
				ALWAYS_EMBED_SWIFT_STANDARD_LIBRARIES = YES;
				CODE_SIGN_STYLE = Automatic;
				DEVELOPMENT_TEAM = 4L3H8AS5LU;
				INFOPLIST_FILE = HealthKitDataCollectionUITests/Info.plist;
				LD_RUNPATH_SEARCH_PATHS = (
					"$(inherited)",
					"@executable_path/Frameworks",
					"@loader_path/Frameworks",
				);
				PRODUCT_BUNDLE_IDENTIFIER = com.kamimura.HealthKitDataCollectionUITests;
				PRODUCT_NAME = "$(TARGET_NAME)";
				SWIFT_VERSION = 5.0;
				TARGETED_DEVICE_FAMILY = "1,2";
				TEST_TARGET_NAME = HealthKitDataCollection;
			};
			name = Debug;
		};
		92532D97253D3DD600ECADE3 /* Release */ = {
			isa = XCBuildConfiguration;
			buildSettings = {
				ALWAYS_EMBED_SWIFT_STANDARD_LIBRARIES = YES;
				CODE_SIGN_STYLE = Automatic;
				DEVELOPMENT_TEAM = 4L3H8AS5LU;
				INFOPLIST_FILE = HealthKitDataCollectionUITests/Info.plist;
				LD_RUNPATH_SEARCH_PATHS = (
					"$(inherited)",
					"@executable_path/Frameworks",
					"@loader_path/Frameworks",
				);
				PRODUCT_BUNDLE_IDENTIFIER = com.kamimura.HealthKitDataCollectionUITests;
				PRODUCT_NAME = "$(TARGET_NAME)";
				SWIFT_VERSION = 5.0;
				TARGETED_DEVICE_FAMILY = "1,2";
				TEST_TARGET_NAME = HealthKitDataCollection;
			};
			name = Release;
		};
/* End XCBuildConfiguration section */

/* Begin XCConfigurationList section */
		92532D60253D3DD400ECADE3 /* Build configuration list for PBXProject "HealthKitDataCollection" */ = {
			isa = XCConfigurationList;
			buildConfigurations = (
				92532D8D253D3DD600ECADE3 /* Debug */,
				92532D8E253D3DD600ECADE3 /* Release */,
			);
			defaultConfigurationIsVisible = 0;
			defaultConfigurationName = Release;
		};
		92532D8F253D3DD600ECADE3 /* Build configuration list for PBXNativeTarget "HealthKitDataCollection" */ = {
			isa = XCConfigurationList;
			buildConfigurations = (
				92532D90253D3DD600ECADE3 /* Debug */,
				92532D91253D3DD600ECADE3 /* Release */,
			);
			defaultConfigurationIsVisible = 0;
			defaultConfigurationName = Release;
		};
		92532D92253D3DD600ECADE3 /* Build configuration list for PBXNativeTarget "HealthKitDataCollectionTests" */ = {
			isa = XCConfigurationList;
			buildConfigurations = (
				92532D93253D3DD600ECADE3 /* Debug */,
				92532D94253D3DD600ECADE3 /* Release */,
			);
			defaultConfigurationIsVisible = 0;
			defaultConfigurationName = Release;
		};
		92532D95253D3DD600ECADE3 /* Build configuration list for PBXNativeTarget "HealthKitDataCollectionUITests" */ = {
			isa = XCConfigurationList;
			buildConfigurations = (
				92532D96253D3DD600ECADE3 /* Debug */,
				92532D97253D3DD600ECADE3 /* Release */,
			);
			defaultConfigurationIsVisible = 0;
			defaultConfigurationName = Release;
		};
/* End XCConfigurationList section */
	};
	rootObject = 92532D5D253D3DD400ECADE3 /* Project object */;
}
